
Microsoft Visual Studio Solution File, Format Version 12.00
# Visual Studio Version 17
VisualStudioVersion = 17.2.32616.157
MinimumVisualStudioVersion = 10.0.40219.1
Project("{9A19103F-16F7-4668-BE54-9A1E7A4F7556}") = "E5WBMQ_HFT_2021222.Client", "E5WBMQ_HFT_2021222.Client\E5WBMQ_HFT_2021222.Client.csproj", "{AA0A2C1C-5E56-4996-82D7-F8B44ADAD48D}"
EndProject
Project("{9A19103F-16F7-4668-BE54-9A1E7A4F7556}") = "E5WBMQ_HFT_2021222.Models", "E5WBMQ_HFT_2021222.Models\E5WBMQ_HFT_2021222.Models.csproj", "{D837BC36-E103-4413-933D-C6DB95A73CFD}"
EndProject
Project("{9A19103F-16F7-4668-BE54-9A1E7A4F7556}") = "E5WBMQ_HFT_2021222.Logic", "E5WBMQ_HFT_2021222.Logic\E5WBMQ_HFT_2021222.Logic.csproj", "{FD121290-1670-4ED8-B942-B38D46F5CA54}"
EndProject
Project("{9A19103F-16F7-4668-BE54-9A1E7A4F7556}") = "E5WBMQ_HFT_2021222.Repository", "E5WBMQ_HFT_2021222.Repository\E5WBMQ_HFT_2021222.Repository.csproj", "{D02AD03C-3397-4D0F-BA5C-570C7CD12A82}"
EndProject
Project("{9A19103F-16F7-4668-BE54-9A1E7A4F7556}") = "E5WBMQ_HFT_2021222.Test", "E5WBMQ_HFT_2021222.Test\E5WBMQ_HFT_2021222.Test.csproj", "{4D1920B9-0849-4868-875A-B9AFF1B482B5}"
EndProject
Project("{2150E333-8FDC-42A3-9474-1A3956D46DE8}") = "BackEnd", "BackEnd", "{9A2DDA80-E713-4BCA-9D47-6108374FB6AB}"
EndProject
Project("{2150E333-8FDC-42A3-9474-1A3956D46DE8}") = "Frontend", "Frontend", "{D5BD6897-A437-4322-B6CC-C36624B80504}"
EndProject
Project("{2150E333-8FDC-42A3-9474-1A3956D46DE8}") = "Shared", "Shared", "{71AA8840-D779-42C0-B943-259288609E26}"
EndProject
Project("{2150E333-8FDC-42A3-9474-1A3956D46DE8}") = "Others", "Others", "{C307C659-FCAF-4314-B026-2F78987E2A29}"
	ProjectSection(SolutionItems) = preProject
		.gitignore = .gitignore
	EndProjectSection
EndProject
Project("{FAE04EC0-301F-11D3-BF4B-00C04F79EFBC}") = "E5WBMQ_HFT_20212222.Endpoint", "E5WBMQ_HFT_20212222.Endpoint\E5WBMQ_HFT_20212222.Endpoint.csproj", "{432D8D6F-5110-4022-876D-A0DDE6CE3F74}"
EndProject
Global
	GlobalSection(SolutionConfigurationPlatforms) = preSolution
		Debug|Any CPU = Debug|Any CPU
		Release|Any CPU = Release|Any CPU
	EndGlobalSection
	GlobalSection(ProjectConfigurationPlatforms) = postSolution
		{AA0A2C1C-5E56-4996-82D7-F8B44ADAD48D}.Debug|Any CPU.ActiveCfg = Debug|Any CPU
		{AA0A2C1C-5E56-4996-82D7-F8B44ADAD48D}.Debug|Any CPU.Build.0 = Debug|Any CPU
		{AA0A2C1C-5E56-4996-82D7-F8B44ADAD48D}.Release|Any CPU.ActiveCfg = Release|Any CPU
		{AA0A2C1C-5E56-4996-82D7-F8B44ADAD48D}.Release|Any CPU.Build.0 = Release|Any CPU
		{D837BC36-E103-4413-933D-C6DB95A73CFD}.Debug|Any CPU.ActiveCfg = Debug|Any CPU
		{D837BC36-E103-4413-933D-C6DB95A73CFD}.Debug|Any CPU.Build.0 = Debug|Any CPU
		{D837BC36-E103-4413-933D-C6DB95A73CFD}.Release|Any CPU.ActiveCfg = Release|Any CPU
		{D837BC36-E103-4413-933D-C6DB95A73CFD}.Release|Any CPU.Build.0 = Release|Any CPU
		{FD121290-1670-4ED8-B942-B38D46F5CA54}.Debug|Any CPU.ActiveCfg = Debug|Any CPU
		{FD121290-1670-4ED8-B942-B38D46F5CA54}.Debug|Any CPU.Build.0 = Debug|Any CPU
		{FD121290-1670-4ED8-B942-B38D46F5CA54}.Release|Any CPU.ActiveCfg = Release|Any CPU
		{FD121290-1670-4ED8-B942-B38D46F5CA54}.Release|Any CPU.Build.0 = Release|Any CPU
		{D02AD03C-3397-4D0F-BA5C-570C7CD12A82}.Debug|Any CPU.ActiveCfg = Debug|Any CPU
		{D02AD03C-3397-4D0F-BA5C-570C7CD12A82}.Debug|Any CPU.Build.0 = Debug|Any CPU
		{D02AD03C-3397-4D0F-BA5C-570C7CD12A82}.Release|Any CPU.ActiveCfg = Release|Any CPU
		{D02AD03C-3397-4D0F-BA5C-570C7CD12A82}.Release|Any CPU.Build.0 = Release|Any CPU
		{4D1920B9-0849-4868-875A-B9AFF1B482B5}.Debug|Any CPU.ActiveCfg = Debug|Any CPU
		{4D1920B9-0849-4868-875A-B9AFF1B482B5}.Debug|Any CPU.Build.0 = Debug|Any CPU
		{4D1920B9-0849-4868-875A-B9AFF1B482B5}.Release|Any CPU.ActiveCfg = Release|Any CPU
		{4D1920B9-0849-4868-875A-B9AFF1B482B5}.Release|Any CPU.Build.0 = Release|Any CPU
		{432D8D6F-5110-4022-876D-A0DDE6CE3F74}.Debug|Any CPU.ActiveCfg = Debug|Any CPU
		{432D8D6F-5110-4022-876D-A0DDE6CE3F74}.Debug|Any CPU.Build.0 = Debug|Any CPU
		{432D8D6F-5110-4022-876D-A0DDE6CE3F74}.Release|Any CPU.ActiveCfg = Release|Any CPU
		{432D8D6F-5110-4022-876D-A0DDE6CE3F74}.Release|Any CPU.Build.0 = Release|Any CPU
	EndGlobalSection
	GlobalSection(SolutionProperties) = preSolution
		HideSolutionNode = FALSE
	EndGlobalSection
	GlobalSection(NestedProjects) = preSolution
		{AA0A2C1C-5E56-4996-82D7-F8B44ADAD48D} = {D5BD6897-A437-4322-B6CC-C36624B80504}
		{D837BC36-E103-4413-933D-C6DB95A73CFD} = {71AA8840-D779-42C0-B943-259288609E26}
		{FD121290-1670-4ED8-B942-B38D46F5CA54} = {9A2DDA80-E713-4BCA-9D47-6108374FB6AB}
		{D02AD03C-3397-4D0F-BA5C-570C7CD12A82} = {9A2DDA80-E713-4BCA-9D47-6108374FB6AB}
		{4D1920B9-0849-4868-875A-B9AFF1B482B5} = {9A2DDA80-E713-4BCA-9D47-6108374FB6AB}
		{432D8D6F-5110-4022-876D-A0DDE6CE3F74} = {9A2DDA80-E713-4BCA-9D47-6108374FB6AB}
	EndGlobalSection
	GlobalSection(ExtensibilityGlobals) = postSolution
		SolutionGuid = {84C72F7B-794D-427F-A65E-44F8A76154CB}
	EndGlobalSection
EndGlobal
